
Microsoft Visual Studio Solution File, Format Version 12.00
# Visual Studio Version 17
VisualStudioVersion = 17.1.32319.34
MinimumVisualStudioVersion = 10.0.40219.1
Project("{FAE04EC0-301F-11D3-BF4B-00C04F79EFBC}") = "Exception, Delegate, and Event handler", "Exception, Delegate, and Event handler\Exception, Delegate, and Event handler.csproj", "{D4F9758A-4674-4788-AD4F-AEF4F744E6D7}"
EndProject
Global
	GlobalSection(SolutionConfigurationPlatforms) = preSolution
		Debug|Any CPU = Debug|Any CPU
		Release|Any CPU = Release|Any CPU
	EndGlobalSection
	GlobalSection(ProjectConfigurationPlatforms) = postSolution
		{D4F9758A-4674-4788-AD4F-AEF4F744E6D7}.Debug|Any CPU.ActiveCfg = Debug|Any CPU
		{D4F9758A-4674-4788-AD4F-AEF4F744E6D7}.Debug|Any CPU.Build.0 = Debug|Any CPU
		{D4F9758A-4674-4788-AD4F-AEF4F744E6D7}.Release|Any CPU.ActiveCfg = Release|Any CPU
		{D4F9758A-4674-4788-AD4F-AEF4F744E6D7}.Release|Any CPU.Build.0 = Release|Any CPU
	EndGlobalSection
	GlobalSection(SolutionProperties) = preSolution
		HideSolutionNode = FALSE
	EndGlobalSection
	GlobalSection(ExtensibilityGlobals) = postSolution
		SolutionGuid = {1D8B03E3-1034-4438-9DC8-E77387E19D48}
	EndGlobalSection
EndGlobal
